{
  "requires": true,
  "lockfileVersion": 1,
  "dependencies": {
    "react-minimal-pie-chart": {
      "version": "8.1.0",
      "resolved": "https://registry.npmjs.org/react-minimal-pie-chart/-/react-minimal-pie-chart-8.1.0.tgz",
      "integrity": "sha512-eoorRrGySbkkzpG1vX0/p18xxhSA/6OqIlMnlAlMez+cjfLnsX/u8+PFaOsWltQwhiwtA4DaO8VriWKryIluyg=="
    }
  }
}
